
Microsoft Visual Studio Solution File, Format Version 12.00
# Visual Studio Version 17
VisualStudioVersion = 17.0.31903.59
MinimumVisualStudioVersion = 10.0.40219.1
Project("{FAE04EC0-301F-11D3-BF4B-00C04F79EFBC}") = "day01", "day01\day01.csproj", "{22A43386-DE18-43A2-BFE5-E5B0779FBA2C}"
EndProject
Project("{FAE04EC0-301F-11D3-BF4B-00C04F79EFBC}") = "day02", "day02\day02.csproj", "{834B96EE-EE4F-478A-91EA-C8B4D3778521}"
EndProject
Project("{FAE04EC0-301F-11D3-BF4B-00C04F79EFBC}") = "day03", "day03\day03.csproj", "{943263BD-0372-49B3-A011-2957A6786470}"
EndProject
Project("{FAE04EC0-301F-11D3-BF4B-00C04F79EFBC}") = "day04", "day04\day04.csproj", "{90A7B2E0-7A00-43D9-9733-73419CF8774F}"
EndProject
Project("{FAE04EC0-301F-11D3-BF4B-00C04F79EFBC}") = "day05", "day05\day05.csproj", "{78769B88-EC4A-4F21-82E6-A1AE7942BB2B}"
EndProject
Project("{FAE04EC0-301F-11D3-BF4B-00C04F79EFBC}") = "day06", "day06\day06.csproj", "{C4AE1DF5-9C08-4507-80B1-34B5595DD1C4}"
EndProject
Project("{FAE04EC0-301F-11D3-BF4B-00C04F79EFBC}") = "day07", "day07\day07.csproj", "{726B0749-464A-4A6B-972C-A4CA6A64532C}"
EndProject
Project("{FAE04EC0-301F-11D3-BF4B-00C04F79EFBC}") = "day08", "day08\day08.csproj", "{20FA49CD-1222-4EE9-974B-117C7FD38F0F}"
EndProject
Project("{FAE04EC0-301F-11D3-BF4B-00C04F79EFBC}") = "day09", "day09\day09.csproj", "{6B815FA3-61FE-41C3-99A0-79FA773C76D2}"
EndProject
Project("{FAE04EC0-301F-11D3-BF4B-00C04F79EFBC}") = "day10", "day10\day10.csproj", "{752060FE-1F59-4641-93A7-726440B4A385}"
EndProject
Project("{FAE04EC0-301F-11D3-BF4B-00C04F79EFBC}") = "day11", "day11\day11.csproj", "{C206956A-5C9E-4239-9576-B65555F38B73}"
EndProject
Project("{FAE04EC0-301F-11D3-BF4B-00C04F79EFBC}") = "day12", "day12\day12.csproj", "{2524331C-FE18-4EE5-92ED-B523C9B586CC}"
EndProject
Project("{FAE04EC0-301F-11D3-BF4B-00C04F79EFBC}") = "day13", "day13\day13.csproj", "{FE862E64-2559-41C0-8BD4-BD2CA0145F4E}"
EndProject
Project("{FAE04EC0-301F-11D3-BF4B-00C04F79EFBC}") = "day14", "day14\day14.csproj", "{2D8AA894-C7BD-4264-A394-002A007E8981}"
EndProject
Project("{FAE04EC0-301F-11D3-BF4B-00C04F79EFBC}") = "day15", "day15\day15.csproj", "{E40E76BA-5C8C-4E52-84FE-BC459527F7A4}"
EndProject
Project("{FAE04EC0-301F-11D3-BF4B-00C04F79EFBC}") = "day16", "day16\day16.csproj", "{3165F4FC-1713-470D-8772-99445A32037E}"
EndProject
Project("{FAE04EC0-301F-11D3-BF4B-00C04F79EFBC}") = "day17", "day17\day17.csproj", "{7E67CB5E-A3E3-44AA-A38B-6DB9726BF6E7}"
EndProject
Project("{FAE04EC0-301F-11D3-BF4B-00C04F79EFBC}") = "day18", "day18\day18.csproj", "{E6BC56D7-D6E2-4B06-B7AA-7CFFE528455D}"
EndProject
Project("{FAE04EC0-301F-11D3-BF4B-00C04F79EFBC}") = "day19", "day19\day19.csproj", "{06F6D8F0-2AA5-44A5-A569-D70BB250631A}"
EndProject
Project("{FAE04EC0-301F-11D3-BF4B-00C04F79EFBC}") = "day20", "day20\day20.csproj", "{8166DC00-7BD0-4976-B1C9-A310B27A6BF9}"
EndProject
Project("{FAE04EC0-301F-11D3-BF4B-00C04F79EFBC}") = "day21", "day21\day21.csproj", "{1A2B055F-710E-46F7-80E5-C5AAE9513AFD}"
EndProject
Project("{FAE04EC0-301F-11D3-BF4B-00C04F79EFBC}") = "day22", "day22\day22.csproj", "{5E25A80E-DE29-4673-966B-DC7DCB8CAF3B}"
EndProject
Project("{FAE04EC0-301F-11D3-BF4B-00C04F79EFBC}") = "day23", "day23\day23.csproj", "{C33DA047-D5ED-4F9C-B17A-6DF3EE36DB3B}"
EndProject
Project("{FAE04EC0-301F-11D3-BF4B-00C04F79EFBC}") = "day24", "day24\day24.csproj", "{1774CC86-5CB7-4FED-AE1E-BD8D38D38B84}"
EndProject
Project("{FAE04EC0-301F-11D3-BF4B-00C04F79EFBC}") = "day25", "day25\day25.csproj", "{4B80078B-6A00-4566-BE21-C3C79933CEFE}"
EndProject
Global
	GlobalSection(SolutionProperties) = preSolution
		HideSolutionNode = FALSE
	EndGlobalSection
	GlobalSection(ExtensibilityGlobals) = postSolution
		SolutionGuid = {FD11029F-35D7-44E5-BE28-E99651E37A04}
	EndGlobalSection
	GlobalSection(SolutionConfigurationPlatforms) = preSolution
		Debug|Any CPU = Debug|Any CPU
		Debug|x64 = Debug|x64
		Debug|x86 = Debug|x86
		Release|Any CPU = Release|Any CPU
		Release|x64 = Release|x64
		Release|x86 = Release|x86
	EndGlobalSection
	GlobalSection(ProjectConfigurationPlatforms) = postSolution
		{22A43386-DE18-43A2-BFE5-E5B0779FBA2C}.Debug|Any CPU.ActiveCfg = Debug|Any CPU
		{22A43386-DE18-43A2-BFE5-E5B0779FBA2C}.Debug|Any CPU.Build.0 = Debug|Any CPU
		{22A43386-DE18-43A2-BFE5-E5B0779FBA2C}.Debug|x64.ActiveCfg = Debug|Any CPU
		{22A43386-DE18-43A2-BFE5-E5B0779FBA2C}.Debug|x64.Build.0 = Debug|Any CPU
		{22A43386-DE18-43A2-BFE5-E5B0779FBA2C}.Debug|x86.ActiveCfg = Debug|Any CPU
		{22A43386-DE18-43A2-BFE5-E5B0779FBA2C}.Debug|x86.Build.0 = Debug|Any CPU
		{22A43386-DE18-43A2-BFE5-E5B0779FBA2C}.Release|Any CPU.ActiveCfg = Release|Any CPU
		{22A43386-DE18-43A2-BFE5-E5B0779FBA2C}.Release|Any CPU.Build.0 = Release|Any CPU
		{22A43386-DE18-43A2-BFE5-E5B0779FBA2C}.Release|x64.ActiveCfg = Release|Any CPU
		{22A43386-DE18-43A2-BFE5-E5B0779FBA2C}.Release|x64.Build.0 = Release|Any CPU
		{22A43386-DE18-43A2-BFE5-E5B0779FBA2C}.Release|x86.ActiveCfg = Release|Any CPU
		{22A43386-DE18-43A2-BFE5-E5B0779FBA2C}.Release|x86.Build.0 = Release|Any CPU
		{834B96EE-EE4F-478A-91EA-C8B4D3778521}.Debug|Any CPU.ActiveCfg = Debug|Any CPU
		{834B96EE-EE4F-478A-91EA-C8B4D3778521}.Debug|Any CPU.Build.0 = Debug|Any CPU
		{834B96EE-EE4F-478A-91EA-C8B4D3778521}.Debug|x64.ActiveCfg = Debug|Any CPU
		{834B96EE-EE4F-478A-91EA-C8B4D3778521}.Debug|x64.Build.0 = Debug|Any CPU
		{834B96EE-EE4F-478A-91EA-C8B4D3778521}.Debug|x86.ActiveCfg = Debug|Any CPU
		{834B96EE-EE4F-478A-91EA-C8B4D3778521}.Debug|x86.Build.0 = Debug|Any CPU
		{834B96EE-EE4F-478A-91EA-C8B4D3778521}.Release|Any CPU.ActiveCfg = Release|Any CPU
		{834B96EE-EE4F-478A-91EA-C8B4D3778521}.Release|Any CPU.Build.0 = Release|Any CPU
		{834B96EE-EE4F-478A-91EA-C8B4D3778521}.Release|x64.ActiveCfg = Release|Any CPU
		{834B96EE-EE4F-478A-91EA-C8B4D3778521}.Release|x64.Build.0 = Release|Any CPU
		{834B96EE-EE4F-478A-91EA-C8B4D3778521}.Release|x86.ActiveCfg = Release|Any CPU
		{834B96EE-EE4F-478A-91EA-C8B4D3778521}.Release|x86.Build.0 = Release|Any CPU
		{943263BD-0372-49B3-A011-2957A6786470}.Debug|Any CPU.ActiveCfg = Debug|Any CPU
		{943263BD-0372-49B3-A011-2957A6786470}.Debug|Any CPU.Build.0 = Debug|Any CPU
		{943263BD-0372-49B3-A011-2957A6786470}.Debug|x64.ActiveCfg = Debug|Any CPU
		{943263BD-0372-49B3-A011-2957A6786470}.Debug|x64.Build.0 = Debug|Any CPU
		{943263BD-0372-49B3-A011-2957A6786470}.Debug|x86.ActiveCfg = Debug|Any CPU
		{943263BD-0372-49B3-A011-2957A6786470}.Debug|x86.Build.0 = Debug|Any CPU
		{943263BD-0372-49B3-A011-2957A6786470}.Release|Any CPU.ActiveCfg = Release|Any CPU
		{943263BD-0372-49B3-A011-2957A6786470}.Release|Any CPU.Build.0 = Release|Any CPU
		{943263BD-0372-49B3-A011-2957A6786470}.Release|x64.ActiveCfg = Release|Any CPU
		{943263BD-0372-49B3-A011-2957A6786470}.Release|x64.Build.0 = Release|Any CPU
		{943263BD-0372-49B3-A011-2957A6786470}.Release|x86.ActiveCfg = Release|Any CPU
		{943263BD-0372-49B3-A011-2957A6786470}.Release|x86.Build.0 = Release|Any CPU
		{90A7B2E0-7A00-43D9-9733-73419CF8774F}.Debug|Any CPU.ActiveCfg = Debug|Any CPU
		{90A7B2E0-7A00-43D9-9733-73419CF8774F}.Debug|Any CPU.Build.0 = Debug|Any CPU
		{90A7B2E0-7A00-43D9-9733-73419CF8774F}.Debug|x64.ActiveCfg = Debug|Any CPU
		{90A7B2E0-7A00-43D9-9733-73419CF8774F}.Debug|x64.Build.0 = Debug|Any CPU
		{90A7B2E0-7A00-43D9-9733-73419CF8774F}.Debug|x86.ActiveCfg = Debug|Any CPU
		{90A7B2E0-7A00-43D9-9733-73419CF8774F}.Debug|x86.Build.0 = Debug|Any CPU
		{90A7B2E0-7A00-43D9-9733-73419CF8774F}.Release|Any CPU.ActiveCfg = Release|Any CPU
		{90A7B2E0-7A00-43D9-9733-73419CF8774F}.Release|Any CPU.Build.0 = Release|Any CPU
		{90A7B2E0-7A00-43D9-9733-73419CF8774F}.Release|x64.ActiveCfg = Release|Any CPU
		{90A7B2E0-7A00-43D9-9733-73419CF8774F}.Release|x64.Build.0 = Release|Any CPU
		{90A7B2E0-7A00-43D9-9733-73419CF8774F}.Release|x86.ActiveCfg = Release|Any CPU
		{90A7B2E0-7A00-43D9-9733-73419CF8774F}.Release|x86.Build.0 = Release|Any CPU
		{78769B88-EC4A-4F21-82E6-A1AE7942BB2B}.Debug|Any CPU.ActiveCfg = Debug|Any CPU
		{78769B88-EC4A-4F21-82E6-A1AE7942BB2B}.Debug|Any CPU.Build.0 = Debug|Any CPU
		{78769B88-EC4A-4F21-82E6-A1AE7942BB2B}.Debug|x64.ActiveCfg = Debug|Any CPU
		{78769B88-EC4A-4F21-82E6-A1AE7942BB2B}.Debug|x64.Build.0 = Debug|Any CPU
		{78769B88-EC4A-4F21-82E6-A1AE7942BB2B}.Debug|x86.ActiveCfg = Debug|Any CPU
		{78769B88-EC4A-4F21-82E6-A1AE7942BB2B}.Debug|x86.Build.0 = Debug|Any CPU
		{78769B88-EC4A-4F21-82E6-A1AE7942BB2B}.Release|Any CPU.ActiveCfg = Release|Any CPU
		{78769B88-EC4A-4F21-82E6-A1AE7942BB2B}.Release|Any CPU.Build.0 = Release|Any CPU
		{78769B88-EC4A-4F21-82E6-A1AE7942BB2B}.Release|x64.ActiveCfg = Release|Any CPU
		{78769B88-EC4A-4F21-82E6-A1AE7942BB2B}.Release|x64.Build.0 = Release|Any CPU
		{78769B88-EC4A-4F21-82E6-A1AE7942BB2B}.Release|x86.ActiveCfg = Release|Any CPU
		{78769B88-EC4A-4F21-82E6-A1AE7942BB2B}.Release|x86.Build.0 = Release|Any CPU
		{C4AE1DF5-9C08-4507-80B1-34B5595DD1C4}.Debug|Any CPU.ActiveCfg = Debug|Any CPU
		{C4AE1DF5-9C08-4507-80B1-34B5595DD1C4}.Debug|Any CPU.Build.0 = Debug|Any CPU
		{C4AE1DF5-9C08-4507-80B1-34B5595DD1C4}.Debug|x64.ActiveCfg = Debug|Any CPU
		{C4AE1DF5-9C08-4507-80B1-34B5595DD1C4}.Debug|x64.Build.0 = Debug|Any CPU
		{C4AE1DF5-9C08-4507-80B1-34B5595DD1C4}.Debug|x86.ActiveCfg = Debug|Any CPU
		{C4AE1DF5-9C08-4507-80B1-34B5595DD1C4}.Debug|x86.Build.0 = Debug|Any CPU
		{C4AE1DF5-9C08-4507-80B1-34B5595DD1C4}.Release|Any CPU.ActiveCfg = Release|Any CPU
		{C4AE1DF5-9C08-4507-80B1-34B5595DD1C4}.Release|Any CPU.Build.0 = Release|Any CPU
		{C4AE1DF5-9C08-4507-80B1-34B5595DD1C4}.Release|x64.ActiveCfg = Release|Any CPU
		{C4AE1DF5-9C08-4507-80B1-34B5595DD1C4}.Release|x64.Build.0 = Release|Any CPU
		{C4AE1DF5-9C08-4507-80B1-34B5595DD1C4}.Release|x86.ActiveCfg = Release|Any CPU
		{C4AE1DF5-9C08-4507-80B1-34B5595DD1C4}.Release|x86.Build.0 = Release|Any CPU
		{726B0749-464A-4A6B-972C-A4CA6A64532C}.Debug|Any CPU.ActiveCfg = Debug|Any CPU
		{726B0749-464A-4A6B-972C-A4CA6A64532C}.Debug|Any CPU.Build.0 = Debug|Any CPU
		{726B0749-464A-4A6B-972C-A4CA6A64532C}.Debug|x64.ActiveCfg = Debug|Any CPU
		{726B0749-464A-4A6B-972C-A4CA6A64532C}.Debug|x64.Build.0 = Debug|Any CPU
		{726B0749-464A-4A6B-972C-A4CA6A64532C}.Debug|x86.ActiveCfg = Debug|Any CPU
		{726B0749-464A-4A6B-972C-A4CA6A64532C}.Debug|x86.Build.0 = Debug|Any CPU
		{726B0749-464A-4A6B-972C-A4CA6A64532C}.Release|Any CPU.ActiveCfg = Release|Any CPU
		{726B0749-464A-4A6B-972C-A4CA6A64532C}.Release|Any CPU.Build.0 = Release|Any CPU
		{726B0749-464A-4A6B-972C-A4CA6A64532C}.Release|x64.ActiveCfg = Release|Any CPU
		{726B0749-464A-4A6B-972C-A4CA6A64532C}.Release|x64.Build.0 = Release|Any CPU
		{726B0749-464A-4A6B-972C-A4CA6A64532C}.Release|x86.ActiveCfg = Release|Any CPU
		{726B0749-464A-4A6B-972C-A4CA6A64532C}.Release|x86.Build.0 = Release|Any CPU
		{20FA49CD-1222-4EE9-974B-117C7FD38F0F}.Debug|Any CPU.ActiveCfg = Debug|Any CPU
		{20FA49CD-1222-4EE9-974B-117C7FD38F0F}.Debug|Any CPU.Build.0 = Debug|Any CPU
		{20FA49CD-1222-4EE9-974B-117C7FD38F0F}.Debug|x64.ActiveCfg = Debug|Any CPU
		{20FA49CD-1222-4EE9-974B-117C7FD38F0F}.Debug|x64.Build.0 = Debug|Any CPU
		{20FA49CD-1222-4EE9-974B-117C7FD38F0F}.Debug|x86.ActiveCfg = Debug|Any CPU
		{20FA49CD-1222-4EE9-974B-117C7FD38F0F}.Debug|x86.Build.0 = Debug|Any CPU
		{20FA49CD-1222-4EE9-974B-117C7FD38F0F}.Release|Any CPU.ActiveCfg = Release|Any CPU
		{20FA49CD-1222-4EE9-974B-117C7FD38F0F}.Release|Any CPU.Build.0 = Release|Any CPU
		{20FA49CD-1222-4EE9-974B-117C7FD38F0F}.Release|x64.ActiveCfg = Release|Any CPU
		{20FA49CD-1222-4EE9-974B-117C7FD38F0F}.Release|x64.Build.0 = Release|Any CPU
		{20FA49CD-1222-4EE9-974B-117C7FD38F0F}.Release|x86.ActiveCfg = Release|Any CPU
		{20FA49CD-1222-4EE9-974B-117C7FD38F0F}.Release|x86.Build.0 = Release|Any CPU
		{6B815FA3-61FE-41C3-99A0-79FA773C76D2}.Debug|Any CPU.ActiveCfg = Debug|Any CPU
		{6B815FA3-61FE-41C3-99A0-79FA773C76D2}.Debug|Any CPU.Build.0 = Debug|Any CPU
		{6B815FA3-61FE-41C3-99A0-79FA773C76D2}.Debug|x64.ActiveCfg = Debug|Any CPU
		{6B815FA3-61FE-41C3-99A0-79FA773C76D2}.Debug|x64.Build.0 = Debug|Any CPU
		{6B815FA3-61FE-41C3-99A0-79FA773C76D2}.Debug|x86.ActiveCfg = Debug|Any CPU
		{6B815FA3-61FE-41C3-99A0-79FA773C76D2}.Debug|x86.Build.0 = Debug|Any CPU
		{6B815FA3-61FE-41C3-99A0-79FA773C76D2}.Release|Any CPU.ActiveCfg = Release|Any CPU
		{6B815FA3-61FE-41C3-99A0-79FA773C76D2}.Release|Any CPU.Build.0 = Release|Any CPU
		{6B815FA3-61FE-41C3-99A0-79FA773C76D2}.Release|x64.ActiveCfg = Release|Any CPU
		{6B815FA3-61FE-41C3-99A0-79FA773C76D2}.Release|x64.Build.0 = Release|Any CPU
		{6B815FA3-61FE-41C3-99A0-79FA773C76D2}.Release|x86.ActiveCfg = Release|Any CPU
		{6B815FA3-61FE-41C3-99A0-79FA773C76D2}.Release|x86.Build.0 = Release|Any CPU
		{752060FE-1F59-4641-93A7-726440B4A385}.Debug|Any CPU.ActiveCfg = Debug|Any CPU
		{752060FE-1F59-4641-93A7-726440B4A385}.Debug|Any CPU.Build.0 = Debug|Any CPU
		{752060FE-1F59-4641-93A7-726440B4A385}.Debug|x64.ActiveCfg = Debug|Any CPU
		{752060FE-1F59-4641-93A7-726440B4A385}.Debug|x64.Build.0 = Debug|Any CPU
		{752060FE-1F59-4641-93A7-726440B4A385}.Debug|x86.ActiveCfg = Debug|Any CPU
		{752060FE-1F59-4641-93A7-726440B4A385}.Debug|x86.Build.0 = Debug|Any CPU
		{752060FE-1F59-4641-93A7-726440B4A385}.Release|Any CPU.ActiveCfg = Release|Any CPU
		{752060FE-1F59-4641-93A7-726440B4A385}.Release|Any CPU.Build.0 = Release|Any CPU
		{752060FE-1F59-4641-93A7-726440B4A385}.Release|x64.ActiveCfg = Release|Any CPU
		{752060FE-1F59-4641-93A7-726440B4A385}.Release|x64.Build.0 = Release|Any CPU
		{752060FE-1F59-4641-93A7-726440B4A385}.Release|x86.ActiveCfg = Release|Any CPU
		{752060FE-1F59-4641-93A7-726440B4A385}.Release|x86.Build.0 = Release|Any CPU
		{C206956A-5C9E-4239-9576-B65555F38B73}.Debug|Any CPU.ActiveCfg = Debug|Any CPU
		{C206956A-5C9E-4239-9576-B65555F38B73}.Debug|Any CPU.Build.0 = Debug|Any CPU
		{C206956A-5C9E-4239-9576-B65555F38B73}.Debug|x64.ActiveCfg = Debug|Any CPU
		{C206956A-5C9E-4239-9576-B65555F38B73}.Debug|x64.Build.0 = Debug|Any CPU
		{C206956A-5C9E-4239-9576-B65555F38B73}.Debug|x86.ActiveCfg = Debug|Any CPU
		{C206956A-5C9E-4239-9576-B65555F38B73}.Debug|x86.Build.0 = Debug|Any CPU
		{C206956A-5C9E-4239-9576-B65555F38B73}.Release|Any CPU.ActiveCfg = Release|Any CPU
		{C206956A-5C9E-4239-9576-B65555F38B73}.Release|Any CPU.Build.0 = Release|Any CPU
		{C206956A-5C9E-4239-9576-B65555F38B73}.Release|x64.ActiveCfg = Release|Any CPU
		{C206956A-5C9E-4239-9576-B65555F38B73}.Release|x64.Build.0 = Release|Any CPU
		{C206956A-5C9E-4239-9576-B65555F38B73}.Release|x86.ActiveCfg = Release|Any CPU
		{C206956A-5C9E-4239-9576-B65555F38B73}.Release|x86.Build.0 = Release|Any CPU
		{2524331C-FE18-4EE5-92ED-B523C9B586CC}.Debug|Any CPU.ActiveCfg = Debug|Any CPU
		{2524331C-FE18-4EE5-92ED-B523C9B586CC}.Debug|Any CPU.Build.0 = Debug|Any CPU
		{2524331C-FE18-4EE5-92ED-B523C9B586CC}.Debug|x64.ActiveCfg = Debug|Any CPU
		{2524331C-FE18-4EE5-92ED-B523C9B586CC}.Debug|x64.Build.0 = Debug|Any CPU
		{2524331C-FE18-4EE5-92ED-B523C9B586CC}.Debug|x86.ActiveCfg = Debug|Any CPU
		{2524331C-FE18-4EE5-92ED-B523C9B586CC}.Debug|x86.Build.0 = Debug|Any CPU
		{2524331C-FE18-4EE5-92ED-B523C9B586CC}.Release|Any CPU.ActiveCfg = Release|Any CPU
		{2524331C-FE18-4EE5-92ED-B523C9B586CC}.Release|Any CPU.Build.0 = Release|Any CPU
		{2524331C-FE18-4EE5-92ED-B523C9B586CC}.Release|x64.ActiveCfg = Release|Any CPU
		{2524331C-FE18-4EE5-92ED-B523C9B586CC}.Release|x64.Build.0 = Release|Any CPU
		{2524331C-FE18-4EE5-92ED-B523C9B586CC}.Release|x86.ActiveCfg = Release|Any CPU
		{2524331C-FE18-4EE5-92ED-B523C9B586CC}.Release|x86.Build.0 = Release|Any CPU
		{FE862E64-2559-41C0-8BD4-BD2CA0145F4E}.Debug|Any CPU.ActiveCfg = Debug|Any CPU
		{FE862E64-2559-41C0-8BD4-BD2CA0145F4E}.Debug|Any CPU.Build.0 = Debug|Any CPU
		{FE862E64-2559-41C0-8BD4-BD2CA0145F4E}.Debug|x64.ActiveCfg = Debug|Any CPU
		{FE862E64-2559-41C0-8BD4-BD2CA0145F4E}.Debug|x64.Build.0 = Debug|Any CPU
		{FE862E64-2559-41C0-8BD4-BD2CA0145F4E}.Debug|x86.ActiveCfg = Debug|Any CPU
		{FE862E64-2559-41C0-8BD4-BD2CA0145F4E}.Debug|x86.Build.0 = Debug|Any CPU
		{FE862E64-2559-41C0-8BD4-BD2CA0145F4E}.Release|Any CPU.ActiveCfg = Release|Any CPU
		{FE862E64-2559-41C0-8BD4-BD2CA0145F4E}.Release|Any CPU.Build.0 = Release|Any CPU
		{FE862E64-2559-41C0-8BD4-BD2CA0145F4E}.Release|x64.ActiveCfg = Release|Any CPU
		{FE862E64-2559-41C0-8BD4-BD2CA0145F4E}.Release|x64.Build.0 = Release|Any CPU
		{FE862E64-2559-41C0-8BD4-BD2CA0145F4E}.Release|x86.ActiveCfg = Release|Any CPU
		{FE862E64-2559-41C0-8BD4-BD2CA0145F4E}.Release|x86.Build.0 = Release|Any CPU
		{2D8AA894-C7BD-4264-A394-002A007E8981}.Debug|Any CPU.ActiveCfg = Debug|Any CPU
		{2D8AA894-C7BD-4264-A394-002A007E8981}.Debug|Any CPU.Build.0 = Debug|Any CPU
		{2D8AA894-C7BD-4264-A394-002A007E8981}.Debug|x64.ActiveCfg = Debug|Any CPU
		{2D8AA894-C7BD-4264-A394-002A007E8981}.Debug|x64.Build.0 = Debug|Any CPU
		{2D8AA894-C7BD-4264-A394-002A007E8981}.Debug|x86.ActiveCfg = Debug|Any CPU
		{2D8AA894-C7BD-4264-A394-002A007E8981}.Debug|x86.Build.0 = Debug|Any CPU
		{2D8AA894-C7BD-4264-A394-002A007E8981}.Release|Any CPU.ActiveCfg = Release|Any CPU
		{2D8AA894-C7BD-4264-A394-002A007E8981}.Release|Any CPU.Build.0 = Release|Any CPU
		{2D8AA894-C7BD-4264-A394-002A007E8981}.Release|x64.ActiveCfg = Release|Any CPU
		{2D8AA894-C7BD-4264-A394-002A007E8981}.Release|x64.Build.0 = Release|Any CPU
		{2D8AA894-C7BD-4264-A394-002A007E8981}.Release|x86.ActiveCfg = Release|Any CPU
		{2D8AA894-C7BD-4264-A394-002A007E8981}.Release|x86.Build.0 = Release|Any CPU
		{E40E76BA-5C8C-4E52-84FE-BC459527F7A4}.Debug|Any CPU.ActiveCfg = Debug|Any CPU
		{E40E76BA-5C8C-4E52-84FE-BC459527F7A4}.Debug|Any CPU.Build.0 = Debug|Any CPU
		{E40E76BA-5C8C-4E52-84FE-BC459527F7A4}.Debug|x64.ActiveCfg = Debug|Any CPU
		{E40E76BA-5C8C-4E52-84FE-BC459527F7A4}.Debug|x64.Build.0 = Debug|Any CPU
		{E40E76BA-5C8C-4E52-84FE-BC459527F7A4}.Debug|x86.ActiveCfg = Debug|Any CPU
		{E40E76BA-5C8C-4E52-84FE-BC459527F7A4}.Debug|x86.Build.0 = Debug|Any CPU
		{E40E76BA-5C8C-4E52-84FE-BC459527F7A4}.Release|Any CPU.ActiveCfg = Release|Any CPU
		{E40E76BA-5C8C-4E52-84FE-BC459527F7A4}.Release|Any CPU.Build.0 = Release|Any CPU
		{E40E76BA-5C8C-4E52-84FE-BC459527F7A4}.Release|x64.ActiveCfg = Release|Any CPU
		{E40E76BA-5C8C-4E52-84FE-BC459527F7A4}.Release|x64.Build.0 = Release|Any CPU
		{E40E76BA-5C8C-4E52-84FE-BC459527F7A4}.Release|x86.ActiveCfg = Release|Any CPU
		{E40E76BA-5C8C-4E52-84FE-BC459527F7A4}.Release|x86.Build.0 = Release|Any CPU
		{3165F4FC-1713-470D-8772-99445A32037E}.Debug|Any CPU.ActiveCfg = Debug|Any CPU
		{3165F4FC-1713-470D-8772-99445A32037E}.Debug|Any CPU.Build.0 = Debug|Any CPU
		{3165F4FC-1713-470D-8772-99445A32037E}.Debug|x64.ActiveCfg = Debug|Any CPU
		{3165F4FC-1713-470D-8772-99445A32037E}.Debug|x64.Build.0 = Debug|Any CPU
		{3165F4FC-1713-470D-8772-99445A32037E}.Debug|x86.ActiveCfg = Debug|Any CPU
		{3165F4FC-1713-470D-8772-99445A32037E}.Debug|x86.Build.0 = Debug|Any CPU
		{3165F4FC-1713-470D-8772-99445A32037E}.Release|Any CPU.ActiveCfg = Release|Any CPU
		{3165F4FC-1713-470D-8772-99445A32037E}.Release|Any CPU.Build.0 = Release|Any CPU
		{3165F4FC-1713-470D-8772-99445A32037E}.Release|x64.ActiveCfg = Release|Any CPU
		{3165F4FC-1713-470D-8772-99445A32037E}.Release|x64.Build.0 = Release|Any CPU
		{3165F4FC-1713-470D-8772-99445A32037E}.Release|x86.ActiveCfg = Release|Any CPU
		{3165F4FC-1713-470D-8772-99445A32037E}.Release|x86.Build.0 = Release|Any CPU
		{7E67CB5E-A3E3-44AA-A38B-6DB9726BF6E7}.Debug|Any CPU.ActiveCfg = Debug|Any CPU
		{7E67CB5E-A3E3-44AA-A38B-6DB9726BF6E7}.Debug|Any CPU.Build.0 = Debug|Any CPU
		{7E67CB5E-A3E3-44AA-A38B-6DB9726BF6E7}.Debug|x64.ActiveCfg = Debug|Any CPU
		{7E67CB5E-A3E3-44AA-A38B-6DB9726BF6E7}.Debug|x64.Build.0 = Debug|Any CPU
		{7E67CB5E-A3E3-44AA-A38B-6DB9726BF6E7}.Debug|x86.ActiveCfg = Debug|Any CPU
		{7E67CB5E-A3E3-44AA-A38B-6DB9726BF6E7}.Debug|x86.Build.0 = Debug|Any CPU
		{7E67CB5E-A3E3-44AA-A38B-6DB9726BF6E7}.Release|Any CPU.ActiveCfg = Release|Any CPU
		{7E67CB5E-A3E3-44AA-A38B-6DB9726BF6E7}.Release|Any CPU.Build.0 = Release|Any CPU
		{7E67CB5E-A3E3-44AA-A38B-6DB9726BF6E7}.Release|x64.ActiveCfg = Release|Any CPU
		{7E67CB5E-A3E3-44AA-A38B-6DB9726BF6E7}.Release|x64.Build.0 = Release|Any CPU
		{7E67CB5E-A3E3-44AA-A38B-6DB9726BF6E7}.Release|x86.ActiveCfg = Release|Any CPU
		{7E67CB5E-A3E3-44AA-A38B-6DB9726BF6E7}.Release|x86.Build.0 = Release|Any CPU
		{E6BC56D7-D6E2-4B06-B7AA-7CFFE528455D}.Debug|Any CPU.ActiveCfg = Debug|Any CPU
		{E6BC56D7-D6E2-4B06-B7AA-7CFFE528455D}.Debug|Any CPU.Build.0 = Debug|Any CPU
		{E6BC56D7-D6E2-4B06-B7AA-7CFFE528455D}.Debug|x64.ActiveCfg = Debug|Any CPU
		{E6BC56D7-D6E2-4B06-B7AA-7CFFE528455D}.Debug|x64.Build.0 = Debug|Any CPU
		{E6BC56D7-D6E2-4B06-B7AA-7CFFE528455D}.Debug|x86.ActiveCfg = Debug|Any CPU
		{E6BC56D7-D6E2-4B06-B7AA-7CFFE528455D}.Debug|x86.Build.0 = Debug|Any CPU
		{E6BC56D7-D6E2-4B06-B7AA-7CFFE528455D}.Release|Any CPU.ActiveCfg = Release|Any CPU
		{E6BC56D7-D6E2-4B06-B7AA-7CFFE528455D}.Release|Any CPU.Build.0 = Release|Any CPU
		{E6BC56D7-D6E2-4B06-B7AA-7CFFE528455D}.Release|x64.ActiveCfg = Release|Any CPU
		{E6BC56D7-D6E2-4B06-B7AA-7CFFE528455D}.Release|x64.Build.0 = Release|Any CPU
		{E6BC56D7-D6E2-4B06-B7AA-7CFFE528455D}.Release|x86.ActiveCfg = Release|Any CPU
		{E6BC56D7-D6E2-4B06-B7AA-7CFFE528455D}.Release|x86.Build.0 = Release|Any CPU
		{06F6D8F0-2AA5-44A5-A569-D70BB250631A}.Debug|Any CPU.ActiveCfg = Debug|Any CPU
		{06F6D8F0-2AA5-44A5-A569-D70BB250631A}.Debug|Any CPU.Build.0 = Debug|Any CPU
		{06F6D8F0-2AA5-44A5-A569-D70BB250631A}.Debug|x64.ActiveCfg = Debug|Any CPU
		{06F6D8F0-2AA5-44A5-A569-D70BB250631A}.Debug|x64.Build.0 = Debug|Any CPU
		{06F6D8F0-2AA5-44A5-A569-D70BB250631A}.Debug|x86.ActiveCfg = Debug|Any CPU
		{06F6D8F0-2AA5-44A5-A569-D70BB250631A}.Debug|x86.Build.0 = Debug|Any CPU
		{06F6D8F0-2AA5-44A5-A569-D70BB250631A}.Release|Any CPU.ActiveCfg = Release|Any CPU
		{06F6D8F0-2AA5-44A5-A569-D70BB250631A}.Release|Any CPU.Build.0 = Release|Any CPU
		{06F6D8F0-2AA5-44A5-A569-D70BB250631A}.Release|x64.ActiveCfg = Release|Any CPU
		{06F6D8F0-2AA5-44A5-A569-D70BB250631A}.Release|x64.Build.0 = Release|Any CPU
		{06F6D8F0-2AA5-44A5-A569-D70BB250631A}.Release|x86.ActiveCfg = Release|Any CPU
		{06F6D8F0-2AA5-44A5-A569-D70BB250631A}.Release|x86.Build.0 = Release|Any CPU
		{8166DC00-7BD0-4976-B1C9-A310B27A6BF9}.Debug|Any CPU.ActiveCfg = Debug|Any CPU
		{8166DC00-7BD0-4976-B1C9-A310B27A6BF9}.Debug|Any CPU.Build.0 = Debug|Any CPU
		{8166DC00-7BD0-4976-B1C9-A310B27A6BF9}.Debug|x64.ActiveCfg = Debug|Any CPU
		{8166DC00-7BD0-4976-B1C9-A310B27A6BF9}.Debug|x64.Build.0 = Debug|Any CPU
		{8166DC00-7BD0-4976-B1C9-A310B27A6BF9}.Debug|x86.ActiveCfg = Debug|Any CPU
		{8166DC00-7BD0-4976-B1C9-A310B27A6BF9}.Debug|x86.Build.0 = Debug|Any CPU
		{8166DC00-7BD0-4976-B1C9-A310B27A6BF9}.Release|Any CPU.ActiveCfg = Release|Any CPU
		{8166DC00-7BD0-4976-B1C9-A310B27A6BF9}.Release|Any CPU.Build.0 = Release|Any CPU
		{8166DC00-7BD0-4976-B1C9-A310B27A6BF9}.Release|x64.ActiveCfg = Release|Any CPU
		{8166DC00-7BD0-4976-B1C9-A310B27A6BF9}.Release|x64.Build.0 = Release|Any CPU
		{8166DC00-7BD0-4976-B1C9-A310B27A6BF9}.Release|x86.ActiveCfg = Release|Any CPU
		{8166DC00-7BD0-4976-B1C9-A310B27A6BF9}.Release|x86.Build.0 = Release|Any CPU
		{1A2B055F-710E-46F7-80E5-C5AAE9513AFD}.Debug|Any CPU.ActiveCfg = Debug|Any CPU
		{1A2B055F-710E-46F7-80E5-C5AAE9513AFD}.Debug|Any CPU.Build.0 = Debug|Any CPU
		{1A2B055F-710E-46F7-80E5-C5AAE9513AFD}.Debug|x64.ActiveCfg = Debug|Any CPU
		{1A2B055F-710E-46F7-80E5-C5AAE9513AFD}.Debug|x64.Build.0 = Debug|Any CPU
		{1A2B055F-710E-46F7-80E5-C5AAE9513AFD}.Debug|x86.ActiveCfg = Debug|Any CPU
		{1A2B055F-710E-46F7-80E5-C5AAE9513AFD}.Debug|x86.Build.0 = Debug|Any CPU
		{1A2B055F-710E-46F7-80E5-C5AAE9513AFD}.Release|Any CPU.ActiveCfg = Release|Any CPU
		{1A2B055F-710E-46F7-80E5-C5AAE9513AFD}.Release|Any CPU.Build.0 = Release|Any CPU
		{1A2B055F-710E-46F7-80E5-C5AAE9513AFD}.Release|x64.ActiveCfg = Release|Any CPU
		{1A2B055F-710E-46F7-80E5-C5AAE9513AFD}.Release|x64.Build.0 = Release|Any CPU
		{1A2B055F-710E-46F7-80E5-C5AAE9513AFD}.Release|x86.ActiveCfg = Release|Any CPU
		{1A2B055F-710E-46F7-80E5-C5AAE9513AFD}.Release|x86.Build.0 = Release|Any CPU
		{5E25A80E-DE29-4673-966B-DC7DCB8CAF3B}.Debug|Any CPU.ActiveCfg = Debug|Any CPU
		{5E25A80E-DE29-4673-966B-DC7DCB8CAF3B}.Debug|Any CPU.Build.0 = Debug|Any CPU
		{5E25A80E-DE29-4673-966B-DC7DCB8CAF3B}.Debug|x64.ActiveCfg = Debug|Any CPU
		{5E25A80E-DE29-4673-966B-DC7DCB8CAF3B}.Debug|x64.Build.0 = Debug|Any CPU
		{5E25A80E-DE29-4673-966B-DC7DCB8CAF3B}.Debug|x86.ActiveCfg = Debug|Any CPU
		{5E25A80E-DE29-4673-966B-DC7DCB8CAF3B}.Debug|x86.Build.0 = Debug|Any CPU
		{5E25A80E-DE29-4673-966B-DC7DCB8CAF3B}.Release|Any CPU.ActiveCfg = Release|Any CPU
		{5E25A80E-DE29-4673-966B-DC7DCB8CAF3B}.Release|Any CPU.Build.0 = Release|Any CPU
		{5E25A80E-DE29-4673-966B-DC7DCB8CAF3B}.Release|x64.ActiveCfg = Release|Any CPU
		{5E25A80E-DE29-4673-966B-DC7DCB8CAF3B}.Release|x64.Build.0 = Release|Any CPU
		{5E25A80E-DE29-4673-966B-DC7DCB8CAF3B}.Release|x86.ActiveCfg = Release|Any CPU
		{5E25A80E-DE29-4673-966B-DC7DCB8CAF3B}.Release|x86.Build.0 = Release|Any CPU
		{C33DA047-D5ED-4F9C-B17A-6DF3EE36DB3B}.Debug|Any CPU.ActiveCfg = Debug|Any CPU
		{C33DA047-D5ED-4F9C-B17A-6DF3EE36DB3B}.Debug|Any CPU.Build.0 = Debug|Any CPU
		{C33DA047-D5ED-4F9C-B17A-6DF3EE36DB3B}.Debug|x64.ActiveCfg = Debug|Any CPU
		{C33DA047-D5ED-4F9C-B17A-6DF3EE36DB3B}.Debug|x64.Build.0 = Debug|Any CPU
		{C33DA047-D5ED-4F9C-B17A-6DF3EE36DB3B}.Debug|x86.ActiveCfg = Debug|Any CPU
		{C33DA047-D5ED-4F9C-B17A-6DF3EE36DB3B}.Debug|x86.Build.0 = Debug|Any CPU
		{C33DA047-D5ED-4F9C-B17A-6DF3EE36DB3B}.Release|Any CPU.ActiveCfg = Release|Any CPU
		{C33DA047-D5ED-4F9C-B17A-6DF3EE36DB3B}.Release|Any CPU.Build.0 = Release|Any CPU
		{C33DA047-D5ED-4F9C-B17A-6DF3EE36DB3B}.Release|x64.ActiveCfg = Release|Any CPU
		{C33DA047-D5ED-4F9C-B17A-6DF3EE36DB3B}.Release|x64.Build.0 = Release|Any CPU
		{C33DA047-D5ED-4F9C-B17A-6DF3EE36DB3B}.Release|x86.ActiveCfg = Release|Any CPU
		{C33DA047-D5ED-4F9C-B17A-6DF3EE36DB3B}.Release|x86.Build.0 = Release|Any CPU
		{1774CC86-5CB7-4FED-AE1E-BD8D38D38B84}.Debug|Any CPU.ActiveCfg = Debug|Any CPU
		{1774CC86-5CB7-4FED-AE1E-BD8D38D38B84}.Debug|Any CPU.Build.0 = Debug|Any CPU
		{1774CC86-5CB7-4FED-AE1E-BD8D38D38B84}.Debug|x64.ActiveCfg = Debug|Any CPU
		{1774CC86-5CB7-4FED-AE1E-BD8D38D38B84}.Debug|x64.Build.0 = Debug|Any CPU
		{1774CC86-5CB7-4FED-AE1E-BD8D38D38B84}.Debug|x86.ActiveCfg = Debug|Any CPU
		{1774CC86-5CB7-4FED-AE1E-BD8D38D38B84}.Debug|x86.Build.0 = Debug|Any CPU
		{1774CC86-5CB7-4FED-AE1E-BD8D38D38B84}.Release|Any CPU.ActiveCfg = Release|Any CPU
		{1774CC86-5CB7-4FED-AE1E-BD8D38D38B84}.Release|Any CPU.Build.0 = Release|Any CPU
		{1774CC86-5CB7-4FED-AE1E-BD8D38D38B84}.Release|x64.ActiveCfg = Release|Any CPU
		{1774CC86-5CB7-4FED-AE1E-BD8D38D38B84}.Release|x64.Build.0 = Release|Any CPU
		{1774CC86-5CB7-4FED-AE1E-BD8D38D38B84}.Release|x86.ActiveCfg = Release|Any CPU
		{1774CC86-5CB7-4FED-AE1E-BD8D38D38B84}.Release|x86.Build.0 = Release|Any CPU
		{4B80078B-6A00-4566-BE21-C3C79933CEFE}.Debug|Any CPU.ActiveCfg = Debug|Any CPU
		{4B80078B-6A00-4566-BE21-C3C79933CEFE}.Debug|Any CPU.Build.0 = Debug|Any CPU
		{4B80078B-6A00-4566-BE21-C3C79933CEFE}.Debug|x64.ActiveCfg = Debug|Any CPU
		{4B80078B-6A00-4566-BE21-C3C79933CEFE}.Debug|x64.Build.0 = Debug|Any CPU
		{4B80078B-6A00-4566-BE21-C3C79933CEFE}.Debug|x86.ActiveCfg = Debug|Any CPU
		{4B80078B-6A00-4566-BE21-C3C79933CEFE}.Debug|x86.Build.0 = Debug|Any CPU
		{4B80078B-6A00-4566-BE21-C3C79933CEFE}.Release|Any CPU.ActiveCfg = Release|Any CPU
		{4B80078B-6A00-4566-BE21-C3C79933CEFE}.Release|Any CPU.Build.0 = Release|Any CPU
		{4B80078B-6A00-4566-BE21-C3C79933CEFE}.Release|x64.ActiveCfg = Release|Any CPU
		{4B80078B-6A00-4566-BE21-C3C79933CEFE}.Release|x64.Build.0 = Release|Any CPU
		{4B80078B-6A00-4566-BE21-C3C79933CEFE}.Release|x86.ActiveCfg = Release|Any CPU
		{4B80078B-6A00-4566-BE21-C3C79933CEFE}.Release|x86.Build.0 = Release|Any CPU
	EndGlobalSection
EndGlobal
