
Microsoft Visual Studio Solution File, Format Version 12.00
# Visual Studio Version 16
VisualStudioVersion = 16.0.30114.105
MinimumVisualStudioVersion = 10.0.40219.1
Project("{FAE04EC0-301F-11D3-BF4B-00C04F79EFBC}") = "day1", "day1\day1.csproj", "{A234B2A9-057D-4851-A668-0AD529CEFCCF}"
EndProject
Project("{FAE04EC0-301F-11D3-BF4B-00C04F79EFBC}") = "day3", "day3\day3.csproj", "{78085D04-5875-4D30-9951-251EE0196A95}"
EndProject
Project("{FAE04EC0-301F-11D3-BF4B-00C04F79EFBC}") = "day4", "day4\day4.csproj", "{145C9F25-CAF6-4D81-93C9-68FBD95FDAE8}"
EndProject
Project("{FAE04EC0-301F-11D3-BF4B-00C04F79EFBC}") = "day10", "day10\day10.csproj", "{57FDA1C5-D9F0-4416-8FEC-1BE6A3B305EF}"
EndProject
Project("{FAE04EC0-301F-11D3-BF4B-00C04F79EFBC}") = "day11", "day11\day11.csproj", "{52B86A24-D3F3-4BA2-B684-0CEC2E53945D}"
EndProject
Project("{FAE04EC0-301F-11D3-BF4B-00C04F79EFBC}") = "day12", "day12\day12.csproj", "{7286FAFD-0966-4797-B664-F97EDD8987E5}"
EndProject
Project("{FAE04EC0-301F-11D3-BF4B-00C04F79EFBC}") = "day13", "day13\day13.csproj", "{21D643B0-B6D5-4EC2-8D40-74FCB0F506EB}"
EndProject
Project("{FAE04EC0-301F-11D3-BF4B-00C04F79EFBC}") = "day14", "day14\day14.csproj", "{1F5EAEBE-DED2-416A-87B4-21D68C76019C}"
EndProject
Project("{FAE04EC0-301F-11D3-BF4B-00C04F79EFBC}") = "day15", "day15\day15.csproj", "{0F91A5A3-523A-48C0-BEC2-0AC73AAAF04D}"
EndProject
Project("{FAE04EC0-301F-11D3-BF4B-00C04F79EFBC}") = "day16", "day16\day16.csproj", "{61C15306-778E-4AC9-B89A-6263069D59E1}"
EndProject
Project("{FAE04EC0-301F-11D3-BF4B-00C04F79EFBC}") = "day17", "day17\day17.csproj", "{FFE7802C-198C-455A-A263-45BDBC01B840}"
EndProject
Project("{FAE04EC0-301F-11D3-BF4B-00C04F79EFBC}") = "day18", "day18\day18.csproj", "{03AEE4C1-B2B2-4984-8070-6F88B16C40F4}"
EndProject
Project("{FAE04EC0-301F-11D3-BF4B-00C04F79EFBC}") = "day19", "day19\day19.csproj", "{D3C25D7A-3B3C-4331-B586-B59F1A59341E}"
EndProject
Project("{FAE04EC0-301F-11D3-BF4B-00C04F79EFBC}") = "day2", "day2\day2.csproj", "{9A94769F-D2CD-4106-86A0-D2820E4854C6}"
EndProject
Project("{FAE04EC0-301F-11D3-BF4B-00C04F79EFBC}") = "day20", "day20\day20.csproj", "{B407E90B-8888-47FA-B6E3-CBABD6D70DF8}"
EndProject
Project("{FAE04EC0-301F-11D3-BF4B-00C04F79EFBC}") = "day21", "day21\day21.csproj", "{CC0945E8-CA7D-4545-A40A-A8AB7C27D32A}"
EndProject
Project("{FAE04EC0-301F-11D3-BF4B-00C04F79EFBC}") = "day22", "day22\day22.csproj", "{6949C3A3-7703-4561-8099-CCD8BD1FD08C}"
EndProject
Project("{FAE04EC0-301F-11D3-BF4B-00C04F79EFBC}") = "day23", "day23\day23.csproj", "{4B2B3037-F5E6-4241-8884-BA7D58FAE516}"
EndProject
Project("{FAE04EC0-301F-11D3-BF4B-00C04F79EFBC}") = "day24", "day24\day24.csproj", "{B3F95DF3-C009-45B0-9136-9B06DAFF4662}"
EndProject
Project("{FAE04EC0-301F-11D3-BF4B-00C04F79EFBC}") = "day25", "day25\day25.csproj", "{5FE3BA6C-4F6B-4891-8047-93879C9A701F}"
EndProject
Project("{FAE04EC0-301F-11D3-BF4B-00C04F79EFBC}") = "day5", "day5\day5.csproj", "{41FBBEAD-D410-481A-9927-784D479F138C}"
EndProject
Project("{FAE04EC0-301F-11D3-BF4B-00C04F79EFBC}") = "day6", "day6\day6.csproj", "{751F1E8D-AC4F-4E29-B784-4D5B5687947B}"
EndProject
Project("{FAE04EC0-301F-11D3-BF4B-00C04F79EFBC}") = "day7", "day7\day7.csproj", "{D4AD5ACA-6771-45FF-BB4D-D6E81CD4D887}"
EndProject
Project("{FAE04EC0-301F-11D3-BF4B-00C04F79EFBC}") = "day8", "day8\day8.csproj", "{59425468-D4E6-4D40-A84E-FCD54565ED36}"
EndProject
Project("{FAE04EC0-301F-11D3-BF4B-00C04F79EFBC}") = "day9", "day9\day9.csproj", "{3C2E1B35-D276-4E53-8582-A4CAEC4174A3}"
EndProject
Global
	GlobalSection(SolutionConfigurationPlatforms) = preSolution
		Debug|Any CPU = Debug|Any CPU
		Release|Any CPU = Release|Any CPU
	EndGlobalSection
	GlobalSection(SolutionProperties) = preSolution
		HideSolutionNode = FALSE
	EndGlobalSection
	GlobalSection(ProjectConfigurationPlatforms) = postSolution
		{A234B2A9-057D-4851-A668-0AD529CEFCCF}.Debug|Any CPU.ActiveCfg = Debug|Any CPU
		{A234B2A9-057D-4851-A668-0AD529CEFCCF}.Debug|Any CPU.Build.0 = Debug|Any CPU
		{A234B2A9-057D-4851-A668-0AD529CEFCCF}.Release|Any CPU.ActiveCfg = Release|Any CPU
		{A234B2A9-057D-4851-A668-0AD529CEFCCF}.Release|Any CPU.Build.0 = Release|Any CPU
		{78085D04-5875-4D30-9951-251EE0196A95}.Debug|Any CPU.ActiveCfg = Debug|Any CPU
		{78085D04-5875-4D30-9951-251EE0196A95}.Debug|Any CPU.Build.0 = Debug|Any CPU
		{78085D04-5875-4D30-9951-251EE0196A95}.Release|Any CPU.ActiveCfg = Release|Any CPU
		{78085D04-5875-4D30-9951-251EE0196A95}.Release|Any CPU.Build.0 = Release|Any CPU
		{145C9F25-CAF6-4D81-93C9-68FBD95FDAE8}.Debug|Any CPU.ActiveCfg = Debug|Any CPU
		{145C9F25-CAF6-4D81-93C9-68FBD95FDAE8}.Debug|Any CPU.Build.0 = Debug|Any CPU
		{145C9F25-CAF6-4D81-93C9-68FBD95FDAE8}.Release|Any CPU.ActiveCfg = Release|Any CPU
		{145C9F25-CAF6-4D81-93C9-68FBD95FDAE8}.Release|Any CPU.Build.0 = Release|Any CPU
		{57FDA1C5-D9F0-4416-8FEC-1BE6A3B305EF}.Debug|Any CPU.ActiveCfg = Debug|Any CPU
		{57FDA1C5-D9F0-4416-8FEC-1BE6A3B305EF}.Debug|Any CPU.Build.0 = Debug|Any CPU
		{57FDA1C5-D9F0-4416-8FEC-1BE6A3B305EF}.Release|Any CPU.ActiveCfg = Release|Any CPU
		{57FDA1C5-D9F0-4416-8FEC-1BE6A3B305EF}.Release|Any CPU.Build.0 = Release|Any CPU
		{52B86A24-D3F3-4BA2-B684-0CEC2E53945D}.Debug|Any CPU.ActiveCfg = Debug|Any CPU
		{52B86A24-D3F3-4BA2-B684-0CEC2E53945D}.Debug|Any CPU.Build.0 = Debug|Any CPU
		{52B86A24-D3F3-4BA2-B684-0CEC2E53945D}.Release|Any CPU.ActiveCfg = Release|Any CPU
		{52B86A24-D3F3-4BA2-B684-0CEC2E53945D}.Release|Any CPU.Build.0 = Release|Any CPU
		{7286FAFD-0966-4797-B664-F97EDD8987E5}.Debug|Any CPU.ActiveCfg = Debug|Any CPU
		{7286FAFD-0966-4797-B664-F97EDD8987E5}.Debug|Any CPU.Build.0 = Debug|Any CPU
		{7286FAFD-0966-4797-B664-F97EDD8987E5}.Release|Any CPU.ActiveCfg = Release|Any CPU
		{7286FAFD-0966-4797-B664-F97EDD8987E5}.Release|Any CPU.Build.0 = Release|Any CPU
		{21D643B0-B6D5-4EC2-8D40-74FCB0F506EB}.Debug|Any CPU.ActiveCfg = Debug|Any CPU
		{21D643B0-B6D5-4EC2-8D40-74FCB0F506EB}.Debug|Any CPU.Build.0 = Debug|Any CPU
		{21D643B0-B6D5-4EC2-8D40-74FCB0F506EB}.Release|Any CPU.ActiveCfg = Release|Any CPU
		{21D643B0-B6D5-4EC2-8D40-74FCB0F506EB}.Release|Any CPU.Build.0 = Release|Any CPU
		{1F5EAEBE-DED2-416A-87B4-21D68C76019C}.Debug|Any CPU.ActiveCfg = Debug|Any CPU
		{1F5EAEBE-DED2-416A-87B4-21D68C76019C}.Debug|Any CPU.Build.0 = Debug|Any CPU
		{1F5EAEBE-DED2-416A-87B4-21D68C76019C}.Release|Any CPU.ActiveCfg = Release|Any CPU
		{1F5EAEBE-DED2-416A-87B4-21D68C76019C}.Release|Any CPU.Build.0 = Release|Any CPU
		{0F91A5A3-523A-48C0-BEC2-0AC73AAAF04D}.Debug|Any CPU.ActiveCfg = Debug|Any CPU
		{0F91A5A3-523A-48C0-BEC2-0AC73AAAF04D}.Debug|Any CPU.Build.0 = Debug|Any CPU
		{0F91A5A3-523A-48C0-BEC2-0AC73AAAF04D}.Release|Any CPU.ActiveCfg = Release|Any CPU
		{0F91A5A3-523A-48C0-BEC2-0AC73AAAF04D}.Release|Any CPU.Build.0 = Release|Any CPU
		{61C15306-778E-4AC9-B89A-6263069D59E1}.Debug|Any CPU.ActiveCfg = Debug|Any CPU
		{61C15306-778E-4AC9-B89A-6263069D59E1}.Debug|Any CPU.Build.0 = Debug|Any CPU
		{61C15306-778E-4AC9-B89A-6263069D59E1}.Release|Any CPU.ActiveCfg = Release|Any CPU
		{61C15306-778E-4AC9-B89A-6263069D59E1}.Release|Any CPU.Build.0 = Release|Any CPU
		{FFE7802C-198C-455A-A263-45BDBC01B840}.Debug|Any CPU.ActiveCfg = Debug|Any CPU
		{FFE7802C-198C-455A-A263-45BDBC01B840}.Debug|Any CPU.Build.0 = Debug|Any CPU
		{FFE7802C-198C-455A-A263-45BDBC01B840}.Release|Any CPU.ActiveCfg = Release|Any CPU
		{FFE7802C-198C-455A-A263-45BDBC01B840}.Release|Any CPU.Build.0 = Release|Any CPU
		{03AEE4C1-B2B2-4984-8070-6F88B16C40F4}.Debug|Any CPU.ActiveCfg = Debug|Any CPU
		{03AEE4C1-B2B2-4984-8070-6F88B16C40F4}.Debug|Any CPU.Build.0 = Debug|Any CPU
		{03AEE4C1-B2B2-4984-8070-6F88B16C40F4}.Release|Any CPU.ActiveCfg = Release|Any CPU
		{03AEE4C1-B2B2-4984-8070-6F88B16C40F4}.Release|Any CPU.Build.0 = Release|Any CPU
		{D3C25D7A-3B3C-4331-B586-B59F1A59341E}.Debug|Any CPU.ActiveCfg = Debug|Any CPU
		{D3C25D7A-3B3C-4331-B586-B59F1A59341E}.Debug|Any CPU.Build.0 = Debug|Any CPU
		{D3C25D7A-3B3C-4331-B586-B59F1A59341E}.Release|Any CPU.ActiveCfg = Release|Any CPU
		{D3C25D7A-3B3C-4331-B586-B59F1A59341E}.Release|Any CPU.Build.0 = Release|Any CPU
		{9A94769F-D2CD-4106-86A0-D2820E4854C6}.Debug|Any CPU.ActiveCfg = Debug|Any CPU
		{9A94769F-D2CD-4106-86A0-D2820E4854C6}.Debug|Any CPU.Build.0 = Debug|Any CPU
		{9A94769F-D2CD-4106-86A0-D2820E4854C6}.Release|Any CPU.ActiveCfg = Release|Any CPU
		{9A94769F-D2CD-4106-86A0-D2820E4854C6}.Release|Any CPU.Build.0 = Release|Any CPU
		{B407E90B-8888-47FA-B6E3-CBABD6D70DF8}.Debug|Any CPU.ActiveCfg = Debug|Any CPU
		{B407E90B-8888-47FA-B6E3-CBABD6D70DF8}.Debug|Any CPU.Build.0 = Debug|Any CPU
		{B407E90B-8888-47FA-B6E3-CBABD6D70DF8}.Release|Any CPU.ActiveCfg = Release|Any CPU
		{B407E90B-8888-47FA-B6E3-CBABD6D70DF8}.Release|Any CPU.Build.0 = Release|Any CPU
		{CC0945E8-CA7D-4545-A40A-A8AB7C27D32A}.Debug|Any CPU.ActiveCfg = Debug|Any CPU
		{CC0945E8-CA7D-4545-A40A-A8AB7C27D32A}.Debug|Any CPU.Build.0 = Debug|Any CPU
		{CC0945E8-CA7D-4545-A40A-A8AB7C27D32A}.Release|Any CPU.ActiveCfg = Release|Any CPU
		{CC0945E8-CA7D-4545-A40A-A8AB7C27D32A}.Release|Any CPU.Build.0 = Release|Any CPU
		{6949C3A3-7703-4561-8099-CCD8BD1FD08C}.Debug|Any CPU.ActiveCfg = Debug|Any CPU
		{6949C3A3-7703-4561-8099-CCD8BD1FD08C}.Debug|Any CPU.Build.0 = Debug|Any CPU
		{6949C3A3-7703-4561-8099-CCD8BD1FD08C}.Release|Any CPU.ActiveCfg = Release|Any CPU
		{6949C3A3-7703-4561-8099-CCD8BD1FD08C}.Release|Any CPU.Build.0 = Release|Any CPU
		{4B2B3037-F5E6-4241-8884-BA7D58FAE516}.Debug|Any CPU.ActiveCfg = Debug|Any CPU
		{4B2B3037-F5E6-4241-8884-BA7D58FAE516}.Debug|Any CPU.Build.0 = Debug|Any CPU
		{4B2B3037-F5E6-4241-8884-BA7D58FAE516}.Release|Any CPU.ActiveCfg = Release|Any CPU
		{4B2B3037-F5E6-4241-8884-BA7D58FAE516}.Release|Any CPU.Build.0 = Release|Any CPU
		{B3F95DF3-C009-45B0-9136-9B06DAFF4662}.Debug|Any CPU.ActiveCfg = Debug|Any CPU
		{B3F95DF3-C009-45B0-9136-9B06DAFF4662}.Debug|Any CPU.Build.0 = Debug|Any CPU
		{B3F95DF3-C009-45B0-9136-9B06DAFF4662}.Release|Any CPU.ActiveCfg = Release|Any CPU
		{B3F95DF3-C009-45B0-9136-9B06DAFF4662}.Release|Any CPU.Build.0 = Release|Any CPU
		{5FE3BA6C-4F6B-4891-8047-93879C9A701F}.Debug|Any CPU.ActiveCfg = Debug|Any CPU
		{5FE3BA6C-4F6B-4891-8047-93879C9A701F}.Debug|Any CPU.Build.0 = Debug|Any CPU
		{5FE3BA6C-4F6B-4891-8047-93879C9A701F}.Release|Any CPU.ActiveCfg = Release|Any CPU
		{5FE3BA6C-4F6B-4891-8047-93879C9A701F}.Release|Any CPU.Build.0 = Release|Any CPU
		{41FBBEAD-D410-481A-9927-784D479F138C}.Debug|Any CPU.ActiveCfg = Debug|Any CPU
		{41FBBEAD-D410-481A-9927-784D479F138C}.Debug|Any CPU.Build.0 = Debug|Any CPU
		{41FBBEAD-D410-481A-9927-784D479F138C}.Release|Any CPU.ActiveCfg = Release|Any CPU
		{41FBBEAD-D410-481A-9927-784D479F138C}.Release|Any CPU.Build.0 = Release|Any CPU
		{751F1E8D-AC4F-4E29-B784-4D5B5687947B}.Debug|Any CPU.ActiveCfg = Debug|Any CPU
		{751F1E8D-AC4F-4E29-B784-4D5B5687947B}.Debug|Any CPU.Build.0 = Debug|Any CPU
		{751F1E8D-AC4F-4E29-B784-4D5B5687947B}.Release|Any CPU.ActiveCfg = Release|Any CPU
		{751F1E8D-AC4F-4E29-B784-4D5B5687947B}.Release|Any CPU.Build.0 = Release|Any CPU
		{D4AD5ACA-6771-45FF-BB4D-D6E81CD4D887}.Debug|Any CPU.ActiveCfg = Debug|Any CPU
		{D4AD5ACA-6771-45FF-BB4D-D6E81CD4D887}.Debug|Any CPU.Build.0 = Debug|Any CPU
		{D4AD5ACA-6771-45FF-BB4D-D6E81CD4D887}.Release|Any CPU.ActiveCfg = Release|Any CPU
		{D4AD5ACA-6771-45FF-BB4D-D6E81CD4D887}.Release|Any CPU.Build.0 = Release|Any CPU
		{59425468-D4E6-4D40-A84E-FCD54565ED36}.Debug|Any CPU.ActiveCfg = Debug|Any CPU
		{59425468-D4E6-4D40-A84E-FCD54565ED36}.Debug|Any CPU.Build.0 = Debug|Any CPU
		{59425468-D4E6-4D40-A84E-FCD54565ED36}.Release|Any CPU.ActiveCfg = Release|Any CPU
		{59425468-D4E6-4D40-A84E-FCD54565ED36}.Release|Any CPU.Build.0 = Release|Any CPU
		{3C2E1B35-D276-4E53-8582-A4CAEC4174A3}.Debug|Any CPU.ActiveCfg = Debug|Any CPU
		{3C2E1B35-D276-4E53-8582-A4CAEC4174A3}.Debug|Any CPU.Build.0 = Debug|Any CPU
		{3C2E1B35-D276-4E53-8582-A4CAEC4174A3}.Release|Any CPU.ActiveCfg = Release|Any CPU
		{3C2E1B35-D276-4E53-8582-A4CAEC4174A3}.Release|Any CPU.Build.0 = Release|Any CPU
	EndGlobalSection
EndGlobal
